
Microsoft Visual Studio Solution File, Format Version 12.00
# Visual Studio Version 17
VisualStudioVersion = 17.0.31903.59
MinimumVisualStudioVersion = 10.0.40219.1
Project("{2150E333-8FDC-42A3-9474-1A3956D46DE8}") = "src", "src", "{E48616A6-F80F-440C-AAC2-AAF60F404EEF}"
EndProject
Project("{FAE04EC0-301F-11D3-BF4B-00C04F79EFBC}") = "TaskProcessing.Api", "src\TaskProcessing.Api\TaskProcessing.Api.csproj", "{FF273957-B527-4098-8E62-E1D0426A7CB3}"
EndProject
Project("{FAE04EC0-301F-11D3-BF4B-00C04F79EFBC}") = "TaskProcessing.Worker", "src\TaskProcessing.Worker\TaskProcessing.Worker.csproj", "{C4B8FBE2-BBDB-41C8-B267-340201F3DFEA}"
EndProject
Project("{FAE04EC0-301F-11D3-BF4B-00C04F79EFBC}") = "TaskProcessing.Shared", "src\TaskProcessing.Shared\TaskProcessing.Shared.csproj", "{0015C283-D921-410C-8DF1-58A763D3B929}"
EndProject
Project("{FAE04EC0-301F-11D3-BF4B-00C04F79EFBC}") = "TaskProcessing.Tests", "src\TaskProcessing.Tests\TaskProcessing.Tests.csproj", "{FE2FDB34-AE99-4350-8E59-E22478A9D5FC}"
EndProject
Global
	GlobalSection(SolutionConfigurationPlatforms) = preSolution
		Debug|Any CPU = Debug|Any CPU
		Release|Any CPU = Release|Any CPU
	EndGlobalSection
	GlobalSection(SolutionProperties) = preSolution
		HideSolutionNode = FALSE
	EndGlobalSection
	GlobalSection(ProjectConfigurationPlatforms) = postSolution
		{FF273957-B527-4098-8E62-E1D0426A7CB3}.Debug|Any CPU.ActiveCfg = Debug|Any CPU
		{FF273957-B527-4098-8E62-E1D0426A7CB3}.Debug|Any CPU.Build.0 = Debug|Any CPU
		{FF273957-B527-4098-8E62-E1D0426A7CB3}.Release|Any CPU.ActiveCfg = Release|Any CPU
		{FF273957-B527-4098-8E62-E1D0426A7CB3}.Release|Any CPU.Build.0 = Release|Any CPU
		{C4B8FBE2-BBDB-41C8-B267-340201F3DFEA}.Debug|Any CPU.ActiveCfg = Debug|Any CPU
		{C4B8FBE2-BBDB-41C8-B267-340201F3DFEA}.Debug|Any CPU.Build.0 = Debug|Any CPU
		{C4B8FBE2-BBDB-41C8-B267-340201F3DFEA}.Release|Any CPU.ActiveCfg = Release|Any CPU
		{C4B8FBE2-BBDB-41C8-B267-340201F3DFEA}.Release|Any CPU.Build.0 = Release|Any CPU
		{0015C283-D921-410C-8DF1-58A763D3B929}.Debug|Any CPU.ActiveCfg = Debug|Any CPU
		{0015C283-D921-410C-8DF1-58A763D3B929}.Debug|Any CPU.Build.0 = Debug|Any CPU
		{0015C283-D921-410C-8DF1-58A763D3B929}.Release|Any CPU.ActiveCfg = Release|Any CPU
		{0015C283-D921-410C-8DF1-58A763D3B929}.Release|Any CPU.Build.0 = Release|Any CPU
		{FE2FDB34-AE99-4350-8E59-E22478A9D5FC}.Debug|Any CPU.ActiveCfg = Debug|Any CPU
		{FE2FDB34-AE99-4350-8E59-E22478A9D5FC}.Debug|Any CPU.Build.0 = Debug|Any CPU
		{FE2FDB34-AE99-4350-8E59-E22478A9D5FC}.Release|Any CPU.ActiveCfg = Release|Any CPU
		{FE2FDB34-AE99-4350-8E59-E22478A9D5FC}.Release|Any CPU.Build.0 = Release|Any CPU
	EndGlobalSection
	GlobalSection(NestedProjects) = preSolution
		{FF273957-B527-4098-8E62-E1D0426A7CB3} = {E48616A6-F80F-440C-AAC2-AAF60F404EEF}
		{C4B8FBE2-BBDB-41C8-B267-340201F3DFEA} = {E48616A6-F80F-440C-AAC2-AAF60F404EEF}
		{0015C283-D921-410C-8DF1-58A763D3B929} = {E48616A6-F80F-440C-AAC2-AAF60F404EEF}
		{FE2FDB34-AE99-4350-8E59-E22478A9D5FC} = {E48616A6-F80F-440C-AAC2-AAF60F404EEF}
	EndGlobalSection
EndGlobal
